
Microsoft Visual Studio Solution File, Format Version 12.00
# Visual Studio Version 16
VisualStudioVersion = 16.0.31729.503
MinimumVisualStudioVersion = 10.0.40219.1
Project("{9A19103F-16F7-4668-BE54-9A1E7A4F7556}") = "Auth", "Auth\Auth.csproj", "{0AA0D822-877E-47F8-AFC9-B79E4A8657A3}"
EndProject
Project("{9A19103F-16F7-4668-BE54-9A1E7A4F7556}") = "Tasks", "Tasks\Tasks.csproj", "{B5DBD85F-659C-4F5B-B5CD-58B1D0410DF7}"
EndProject
Project("{9A19103F-16F7-4668-BE54-9A1E7A4F7556}") = "Common", "Common\Common.csproj", "{F10BCCD6-FFC3-4809-9E32-1A2C59DC623D}"
EndProject
Project("{FAE04EC0-301F-11D3-BF4B-00C04F79EFBC}") = "Accounting", "Accounting\Accounting.csproj", "{AF2E76F3-B95F-478A-96DC-383A72BE9AE9}"
EndProject
Global
	GlobalSection(SolutionConfigurationPlatforms) = preSolution
		Debug|Any CPU = Debug|Any CPU
		Release|Any CPU = Release|Any CPU
	EndGlobalSection
	GlobalSection(ProjectConfigurationPlatforms) = postSolution
		{0AA0D822-877E-47F8-AFC9-B79E4A8657A3}.Debug|Any CPU.ActiveCfg = Debug|Any CPU
		{0AA0D822-877E-47F8-AFC9-B79E4A8657A3}.Debug|Any CPU.Build.0 = Debug|Any CPU
		{0AA0D822-877E-47F8-AFC9-B79E4A8657A3}.Release|Any CPU.ActiveCfg = Release|Any CPU
		{0AA0D822-877E-47F8-AFC9-B79E4A8657A3}.Release|Any CPU.Build.0 = Release|Any CPU
		{B5DBD85F-659C-4F5B-B5CD-58B1D0410DF7}.Debug|Any CPU.ActiveCfg = Debug|Any CPU
		{B5DBD85F-659C-4F5B-B5CD-58B1D0410DF7}.Debug|Any CPU.Build.0 = Debug|Any CPU
		{B5DBD85F-659C-4F5B-B5CD-58B1D0410DF7}.Release|Any CPU.ActiveCfg = Release|Any CPU
		{B5DBD85F-659C-4F5B-B5CD-58B1D0410DF7}.Release|Any CPU.Build.0 = Release|Any CPU
		{F10BCCD6-FFC3-4809-9E32-1A2C59DC623D}.Debug|Any CPU.ActiveCfg = Debug|Any CPU
		{F10BCCD6-FFC3-4809-9E32-1A2C59DC623D}.Debug|Any CPU.Build.0 = Debug|Any CPU
		{F10BCCD6-FFC3-4809-9E32-1A2C59DC623D}.Release|Any CPU.ActiveCfg = Release|Any CPU
		{F10BCCD6-FFC3-4809-9E32-1A2C59DC623D}.Release|Any CPU.Build.0 = Release|Any CPU
		{AF2E76F3-B95F-478A-96DC-383A72BE9AE9}.Debug|Any CPU.ActiveCfg = Debug|Any CPU
		{AF2E76F3-B95F-478A-96DC-383A72BE9AE9}.Debug|Any CPU.Build.0 = Debug|Any CPU
		{AF2E76F3-B95F-478A-96DC-383A72BE9AE9}.Release|Any CPU.ActiveCfg = Release|Any CPU
		{AF2E76F3-B95F-478A-96DC-383A72BE9AE9}.Release|Any CPU.Build.0 = Release|Any CPU
	EndGlobalSection
	GlobalSection(SolutionProperties) = preSolution
		HideSolutionNode = FALSE
	EndGlobalSection
	GlobalSection(ExtensibilityGlobals) = postSolution
		SolutionGuid = {8F54FE17-E6E4-478F-98B0-4B2708BC7F9F}
	EndGlobalSection
EndGlobal
